// !$*UTF8*$!
{
	archiveVersion = 1;
	classes = {
	};
	objectVersion = 46;
	objects = {

/* Begin PBXBuildFile section */
		ABB7632F1DA6BA9D00C6D27C /* AppDelegate.swift in Sources */ = {isa = PBXBuildFile; fileRef = ABB7632E1DA6BA9D00C6D27C /* AppDelegate.swift */; };
		ABB763311DA6BA9D00C6D27C /* ViewController.swift in Sources */ = {isa = PBXBuildFile; fileRef = ABB763301DA6BA9D00C6D27C /* ViewController.swift */; };
		ABB763331DA6BA9D00C6D27C /* Assets.xcassets in Resources */ = {isa = PBXBuildFile; fileRef = ABB763321DA6BA9D00C6D27C /* Assets.xcassets */; };
		ABB763361DA6BA9D00C6D27C /* Main.storyboard in Resources */ = {isa = PBXBuildFile; fileRef = ABB763341DA6BA9D00C6D27C /* Main.storyboard */; };
		ABB763411DA6BA9D00C6D27C /* iCheckboxDemo_OSXTests.swift in Sources */ = {isa = PBXBuildFile; fileRef = ABB763401DA6BA9D00C6D27C /* iCheckboxDemo_OSXTests.swift */; };
/* End PBXBuildFile section */

/* Begin PBXContainerItemProxy section */
		AB5893231DA796E1000829B3 /* PBXContainerItemProxy */ = {
			isa = PBXContainerItemProxy;
			containerPortal = AB58931E1DA796E1000829B3 /* iCheckbox.xcodeproj */;
			proxyType = 2;
			remoteGlobalIDString = ABB762DC1DA6B9D000C6D27C;
			remoteInfo = iCheckbox;
		};
		AB5893251DA796E1000829B3 /* PBXContainerItemProxy */ = {
			isa = PBXContainerItemProxy;
			containerPortal = AB58931E1DA796E1000829B3 /* iCheckbox.xcodeproj */;
			proxyType = 2;
			remoteGlobalIDString = ABB762E51DA6B9D000C6D27C;
			remoteInfo = iCheckboxTests;
		};
		ABB7633D1DA6BA9D00C6D27C /* PBXContainerItemProxy */ = {
			isa = PBXContainerItemProxy;
			containerPortal = ABB763231DA6BA9D00C6D27C /* Project object */;
			proxyType = 1;
			remoteGlobalIDString = ABB7632A1DA6BA9D00C6D27C;
			remoteInfo = "iCheckboxDemo-OSX";
		};
/* End PBXContainerItemProxy section */

/* Begin PBXFileReference section */
		AB58931E1DA796E1000829B3 /* iCheckbox.xcodeproj */ = {isa = PBXFileReference; lastKnownFileType = "wrapper.pb-project"; name = iCheckbox.xcodeproj; path = ../../iCheckbox.xcodeproj; sourceTree = "<group>"; };
		ABB7632B1DA6BA9D00C6D27C /* iCheckboxDemo-OSX.app */ = {isa = PBXFileReference; explicitFileType = wrapper.application; includeInIndex = 0; path = "iCheckboxDemo-OSX.app"; sourceTree = BUILT_PRODUCTS_DIR; };
		ABB7632E1DA6BA9D00C6D27C /* AppDelegate.swift */ = {isa = PBXFileReference; lastKnownFileType = sourcecode.swift; path = AppDelegate.swift; sourceTree = "<group>"; };
		ABB763301DA6BA9D00C6D27C /* ViewController.swift */ = {isa = PBXFileReference; lastKnownFileType = sourcecode.swift; path = ViewController.swift; sourceTree = "<group>"; };
		ABB763321DA6BA9D00C6D27C /* Assets.xcassets */ = {isa = PBXFileReference; lastKnownFileType = folder.assetcatalog; path = Assets.xcassets; sourceTree = "<group>"; };
		ABB763351DA6BA9D00C6D27C /* Base */ = {isa = PBXFileReference; lastKnownFileType = file.storyboard; name = Base; path = Base.lproj/Main.storyboard; sourceTree = "<group>"; };
		ABB763371DA6BA9D00C6D27C /* Info.plist */ = {isa = PBXFileReference; lastKnownFileType = text.plist.xml; path = Info.plist; sourceTree = "<group>"; };
		ABB7633C1DA6BA9D00C6D27C /* iCheckboxDemo-OSXTests.xctest */ = {isa = PBXFileReference; explicitFileType = wrapper.cfbundle; includeInIndex = 0; path = "iCheckboxDemo-OSXTests.xctest"; sourceTree = BUILT_PRODUCTS_DIR; };
		ABB763401DA6BA9D00C6D27C /* iCheckboxDemo_OSXTests.swift */ = {isa = PBXFileReference; lastKnownFileType = sourcecode.swift; path = iCheckboxDemo_OSXTests.swift; sourceTree = "<group>"; };
		ABB763421DA6BA9D00C6D27C /* Info.plist */ = {isa = PBXFileReference; lastKnownFileType = text.plist.xml; path = Info.plist; sourceTree = "<group>"; };
/* End PBXFileReference section */

/* Begin PBXFrameworksBuildPhase section */
		ABB763281DA6BA9D00C6D27C /* Frameworks */ = {
			isa = PBXFrameworksBuildPhase;
			buildActionMask = 2147483647;
			files = (
			);
			runOnlyForDeploymentPostprocessing = 0;
		};
		ABB763391DA6BA9D00C6D27C /* Frameworks */ = {
			isa = PBXFrameworksBuildPhase;
			buildActionMask = 2147483647;
			files = (
			);
			runOnlyForDeploymentPostprocessing = 0;
		};
/* End PBXFrameworksBuildPhase section */

/* Begin PBXGroup section */
		AB58931F1DA796E1000829B3 /* Products */ = {
			isa = PBXGroup;
			children = (
				AB5893241DA796E1000829B3 /* iCheckbox.framework */,
				AB5893261DA796E1000829B3 /* iCheckboxTests.xctest */,
			);
			name = Products;
			sourceTree = "<group>";
		};
		ABB763221DA6BA9D00C6D27C = {
			isa = PBXGroup;
			children = (
				ABB7632D1DA6BA9D00C6D27C /* iCheckboxDemo-OSX */,
				ABB7633F1DA6BA9D00C6D27C /* iCheckboxDemo-OSXTests */,
				ABB7632C1DA6BA9D00C6D27C /* Products */,
			);
			sourceTree = "<group>";
		};
		ABB7632C1DA6BA9D00C6D27C /* Products */ = {
			isa = PBXGroup;
			children = (
				ABB7632B1DA6BA9D00C6D27C /* iCheckboxDemo-OSX.app */,
				ABB7633C1DA6BA9D00C6D27C /* iCheckboxDemo-OSXTests.xctest */,
			);
			name = Products;
			sourceTree = "<group>";
		};
		ABB7632D1DA6BA9D00C6D27C /* iCheckboxDemo-OSX */ = {
			isa = PBXGroup;
			children = (
				ABB7632E1DA6BA9D00C6D27C /* AppDelegate.swift */,
				ABB763301DA6BA9D00C6D27C /* ViewController.swift */,
				ABB763321DA6BA9D00C6D27C /* Assets.xcassets */,
				ABB763341DA6BA9D00C6D27C /* Main.storyboard */,
				ABB763371DA6BA9D00C6D27C /* Info.plist */,
				AB58931E1DA796E1000829B3 /* iCheckbox.xcodeproj */,
			);
			path = "iCheckboxDemo-OSX";
			sourceTree = "<group>";
		};
		ABB7633F1DA6BA9D00C6D27C /* iCheckboxDemo-OSXTests */ = {
			isa = PBXGroup;
			children = (
				ABB763401DA6BA9D00C6D27C /* iCheckboxDemo_OSXTests.swift */,
				ABB763421DA6BA9D00C6D27C /* Info.plist */,
			);
			path = "iCheckboxDemo-OSXTests";
			sourceTree = "<group>";
		};
/* End PBXGroup section */

/* Begin PBXNativeTarget section */
		ABB7632A1DA6BA9D00C6D27C /* iCheckboxDemo-OSX */ = {
			isa = PBXNativeTarget;
			buildConfigurationList = ABB763451DA6BA9D00C6D27C /* Build configuration list for PBXNativeTarget "iCheckboxDemo-OSX" */;
			buildPhases = (
				ABB763271DA6BA9D00C6D27C /* Sources */,
				ABB763281DA6BA9D00C6D27C /* Frameworks */,
				ABB763291DA6BA9D00C6D27C /* Resources */,
			);
			buildRules = (
			);
			dependencies = (
			);
			name = "iCheckboxDemo-OSX";
			productName = "iCheckboxDemo-OSX";
			productReference = ABB7632B1DA6BA9D00C6D27C /* iCheckboxDemo-OSX.app */;
			productType = "com.apple.product-type.application";
		};
		ABB7633B1DA6BA9D00C6D27C /* iCheckboxDemo-OSXTests */ = {
			isa = PBXNativeTarget;
			buildConfigurationList = ABB763481DA6BA9D00C6D27C /* Build configuration list for PBXNativeTarget "iCheckboxDemo-OSXTests" */;
			buildPhases = (
				ABB763381DA6BA9D00C6D27C /* Sources */,
				ABB763391DA6BA9D00C6D27C /* Frameworks */,
				ABB7633A1DA6BA9D00C6D27C /* Resources */,
			);
			buildRules = (
			);
			dependencies = (
				ABB7633E1DA6BA9D00C6D27C /* PBXTargetDependency */,
			);
			name = "iCheckboxDemo-OSXTests";
			productName = "iCheckboxDemo-OSXTests";
			productReference = ABB7633C1DA6BA9D00C6D27C /* iCheckboxDemo-OSXTests.xctest */;
			productType = "com.apple.product-type.bundle.unit-test";
		};
/* End PBXNativeTarget section */

/* Begin PBXProject section */
		ABB763231DA6BA9D00C6D27C /* Project object */ = {
			isa = PBXProject;
			attributes = {
				LastSwiftUpdateCheck = 0800;
				LastUpgradeCheck = 0800;
				ORGANIZATIONNAME = "Godoroja Stefan";
				TargetAttributes = {
					ABB7632A1DA6BA9D00C6D27C = {
						CreatedOnToolsVersion = 8.0;
						DevelopmentTeam = Q453Q9XLFV;
						ProvisioningStyle = Automatic;
					};
					ABB7633B1DA6BA9D00C6D27C = {
						CreatedOnToolsVersion = 8.0;
						DevelopmentTeam = Q453Q9XLFV;
						ProvisioningStyle = Automatic;
						TestTargetID = ABB7632A1DA6BA9D00C6D27C;
					};
				};
			};
			buildConfigurationList = ABB763261DA6BA9D00C6D27C /* Build configuration list for PBXProject "iCheckboxDemo-OSX" */;
			compatibilityVersion = "Xcode 3.2";
			developmentRegion = English;
			hasScannedForEncodings = 0;
			knownRegions = (
				en,
				Base,
			);
			mainGroup = ABB763221DA6BA9D00C6D27C;
			productRefGroup = ABB7632C1DA6BA9D00C6D27C /* Products */;
			projectDirPath = "";
			projectReferences = (
				{
					ProductGroup = AB58931F1DA796E1000829B3 /* Products */;
					ProjectRef = AB58931E1DA796E1000829B3 /* iCheckbox.xcodeproj */;
				},
			);
			projectRoot = "";
			targets = (
				ABB7632A1DA6BA9D00C6D27C /* iCheckboxDemo-OSX */,
				ABB7633B1DA6BA9D00C6D27C /* iCheckboxDemo-OSXTests */,
			);
		};
/* End PBXProject section */

/* Begin PBXReferenceProxy section */
		AB5893241DA796E1000829B3 /* iCheckbox.framework */ = {
			isa = PBXReferenceProxy;
			fileType = wrapper.framework;
			path = iCheckbox.framework;
			remoteRef = AB5893231DA796E1000829B3 /* PBXContainerItemProxy */;
			sourceTree = BUILT_PRODUCTS_DIR;
		};
		AB5893261DA796E1000829B3 /* iCheckboxTests.xctest */ = {
			isa = PBXReferenceProxy;
			fileType = wrapper.cfbundle;
			path = iCheckboxTests.xctest;
			remoteRef = AB5893251DA796E1000829B3 /* PBXContainerItemProxy */;
			sourceTree = BUILT_PRODUCTS_DIR;
		};
/* End PBXReferenceProxy section */

/* Begin PBXResourcesBuildPhase section */
		ABB763291DA6BA9D00C6D27C /* Resources */ = {
			isa = PBXResourcesBuildPhase;
			buildActionMask = 2147483647;
			files = (
				ABB763331DA6BA9D00C6D27C /* Assets.xcassets in Resources */,
				ABB763361DA6BA9D00C6D27C /* Main.storyboard in Resources */,
			);
			runOnlyForDeploymentPostprocessing = 0;
		};
		ABB7633A1DA6BA9D00C6D27C /* Resources */ = {
			isa = PBXResourcesBuildPhase;
			buildActionMask = 2147483647;
			files = (
			);
			runOnlyForDeploymentPostprocessing = 0;
		};
/* End PBXResourcesBuildPhase section */

/* Begin PBXSourcesBuildPhase section */
		ABB763271DA6BA9D00C6D27C /* Sources */ = {
			isa = PBXSourcesBuildPhase;
			buildActionMask = 2147483647;
			files = (
				ABB763311DA6BA9D00C6D27C /* ViewController.swift in Sources */,
				ABB7632F1DA6BA9D00C6D27C /* AppDelegate.swift in Sources */,
			);
			runOnlyForDeploymentPostprocessing = 0;
		};
		ABB763381DA6BA9D00C6D27C /* Sources */ = {
			isa = PBXSourcesBuildPhase;
			buildActionMask = 2147483647;
			files = (
				ABB763411DA6BA9D00C6D27C /* iCheckboxDemo_OSXTests.swift in Sources */,
			);
			runOnlyForDeploymentPostprocessing = 0;
		};
/* End PBXSourcesBuildPhase section */

/* Begin PBXTargetDependency section */
		ABB7633E1DA6BA9D00C6D27C /* PBXTargetDependency */ = {
			isa = PBXTargetDependency;
			target = ABB7632A1DA6BA9D00C6D27C /* iCheckboxDemo-OSX */;
			targetProxy = ABB7633D1DA6BA9D00C6D27C /* PBXContainerItemProxy */;
		};
/* End PBXTargetDependency section */

/* Begin PBXVariantGroup section */
		ABB763341DA6BA9D00C6D27C /* Main.storyboard */ = {
			isa = PBXVariantGroup;
			children = (
				ABB763351DA6BA9D00C6D27C /* Base */,
			);
			name = Main.storyboard;
			sourceTree = "<group>";
		};
/* End PBXVariantGroup section */

/* Begin XCBuildConfiguration section */
		ABB763431DA6BA9D00C6D27C /* Debug */ = {
			isa = XCBuildConfiguration;
			buildSettings = {
				ALWAYS_SEARCH_USER_PATHS = NO;
				CLANG_ANALYZER_NONNULL = YES;
				CLANG_CXX_LANGUAGE_STANDARD = "gnu++0x";
				CLANG_CXX_LIBRARY = "libc++";
				CLANG_ENABLE_MODULES = YES;
				CLANG_ENABLE_OBJC_ARC = YES;
				CLANG_WARN_BOOL_CONVERSION = YES;
				CLANG_WARN_CONSTANT_CONVERSION = YES;
				CLANG_WARN_DIRECT_OBJC_ISA_USAGE = YES_ERROR;
				CLANG_WARN_DOCUMENTATION_COMMENTS = YES;
				CLANG_WARN_EMPTY_BODY = YES;
				CLANG_WARN_ENUM_CONVERSION = YES;
				CLANG_WARN_INFINITE_RECURSION = YES;
				CLANG_WARN_INT_CONVERSION = YES;
				CLANG_WARN_OBJC_ROOT_CLASS = YES_ERROR;
				CLANG_WARN_SUSPICIOUS_MOVES = YES;
				CLANG_WARN_UNREACHABLE_CODE = YES;
				CLANG_WARN__DUPLICATE_METHOD_MATCH = YES;
				CODE_SIGN_IDENTITY = "-";
				COPY_PHASE_STRIP = NO;
				DEBUG_INFORMATION_FORMAT = dwarf;
				ENABLE_STRICT_OBJC_MSGSEND = YES;
				ENABLE_TESTABILITY = YES;
				GCC_C_LANGUAGE_STANDARD = gnu99;
				GCC_DYNAMIC_NO_PIC = NO;
				GCC_NO_COMMON_BLOCKS = YES;
				GCC_OPTIMIZATION_LEVEL = 0;
				GCC_PREPROCESSOR_DEFINITIONS = (
					"DEBUG=1",
					"$(inherited)",
				);
				GCC_WARN_64_TO_32_BIT_CONVERSION = YES;
				GCC_WARN_ABOUT_RETURN_TYPE = YES_ERROR;
				GCC_WARN_UNDECLARED_SELECTOR = YES;
				GCC_WARN_UNINITIALIZED_AUTOS = YES_AGGRESSIVE;
				GCC_WARN_UNUSED_FUNCTION = YES;
				GCC_WARN_UNUSED_VARIABLE = YES;
				MACOSX_DEPLOYMENT_TARGET = 10.11;
				MTL_ENABLE_DEBUG_INFO = YES;
				ONLY_ACTIVE_ARCH = YES;
				SDKROOT = macosx;
				SWIFT_ACTIVE_COMPILATION_CONDITIONS = DEBUG;
				SWIFT_OPTIMIZATION_LEVEL = "-Onone";
			};
			name = Debug;
		};
		ABB763441DA6BA9D00C6D27C /* Release */ = {
			isa = XCBuildConfiguration;
			buildSettings = {
				ALWAYS_SEARCH_USER_PATHS = NO;
				CLANG_ANALYZER_NONNULL = YES;
				CLANG_CXX_LANGUAGE_STANDARD = "gnu++0x";
				CLANG_CXX_LIBRARY = "libc++";
				CLANG_ENABLE_MODULES = YES;
				CLANG_ENABLE_OBJC_ARC = YES;
				CLANG_WARN_BOOL_CONVERSION = YES;
				CLANG_WARN_CONSTANT_CONVERSION = YES;
				CLANG_WARN_DIRECT_OBJC_ISA_USAGE = YES_ERROR;
				CLANG_WARN_DOCUMENTATION_COMMENTS = YES;
				CLANG_WARN_EMPTY_BODY = YES;
				CLANG_WARN_ENUM_CONVERSION = YES;
				CLANG_WARN_INFINITE_RECURSION = YES;
				CLANG_WARN_INT_CONVERSION = YES;
				CLANG_WARN_OBJC_ROOT_CLASS = YES_ERROR;
				CLANG_WARN_SUSPICIOUS_MOVES = YES;
				CLANG_WARN_UNREACHABLE_CODE = YES;
				CLANG_WARN__DUPLICATE_METHOD_MATCH = YES;
				CODE_SIGN_IDENTITY = "-";
				COPY_PHASE_STRIP = NO;
				DEBUG_INFORMATION_FORMAT = "dwarf-with-dsym";
				ENABLE_NS_ASSERTIONS = NO;
				ENABLE_STRICT_OBJC_MSGSEND = YES;
				GCC_C_LANGUAGE_STANDARD = gnu99;
				GCC_NO_COMMON_BLOCKS = YES;
				GCC_WARN_64_TO_32_BIT_CONVERSION = YES;
				GCC_WARN_ABOUT_RETURN_TYPE = YES_ERROR;
				GCC_WARN_UNDECLARED_SELECTOR = YES;
				GCC_WARN_UNINITIALIZED_AUTOS = YES_AGGRESSIVE;
				GCC_WARN_UNUSED_FUNCTION = YES;
				GCC_WARN_UNUSED_VARIABLE = YES;
				MACOSX_DEPLOYMENT_TARGET = 10.11;
				MTL_ENABLE_DEBUG_INFO = NO;
				SDKROOT = macosx;
				SWIFT_OPTIMIZATION_LEVEL = "-Owholemodule";
			};
			name = Release;
		};
		ABB763461DA6BA9D00C6D27C /* Debug */ = {
			isa = XCBuildConfiguration;
			buildSettings = {
				ASSETCATALOG_COMPILER_APPICON_NAME = AppIcon;
				COMBINE_HIDPI_IMAGES = YES;
				DEVELOPMENT_TEAM = Q453Q9XLFV;
				INFOPLIST_FILE = "iCheckboxDemo-OSX/Info.plist";
				LD_RUNPATH_SEARCH_PATHS = "$(inherited) @executable_path/../Frameworks";
				PRODUCT_BUNDLE_IDENTIFIER = "gs.godorojastefan.iCheckboxDemo-OSX";
				PRODUCT_NAME = "$(TARGET_NAME)";
				SWIFT_VERSION = 3.0;
			};
			name = Debug;
		};
		ABB763471DA6BA9D00C6D27C /* Release */ = {
			isa = XCBuildConfiguration;
			buildSettings = {
				ASSETCATALOG_COMPILER_APPICON_NAME = AppIcon;
				COMBINE_HIDPI_IMAGES = YES;
				DEVELOPMENT_TEAM = Q453Q9XLFV;
				INFOPLIST_FILE = "iCheckboxDemo-OSX/Info.plist";
				LD_RUNPATH_SEARCH_PATHS = "$(inherited) @executable_path/../Frameworks";
				PRODUCT_BUNDLE_IDENTIFIER = "gs.godorojastefan.iCheckboxDemo-OSX";
				PRODUCT_NAME = "$(TARGET_NAME)";
				SWIFT_VERSION = 3.0;
			};
			name = Release;
		};
		ABB763491DA6BA9D00C6D27C /* Debug */ = {
			isa = XCBuildConfiguration;
			buildSettings = {
				ALWAYS_EMBED_SWIFT_STANDARD_LIBRARIES = YES;
				BUNDLE_LOADER = "$(TEST_HOST)";
				COMBINE_HIDPI_IMAGES = YES;
				DEVELOPMENT_TEAM = Q453Q9XLFV;
				INFOPLIST_FILE = "iCheckboxDemo-OSXTests/Info.plist";
				LD_RUNPATH_SEARCH_PATHS = "$(inherited) @executable_path/../Frameworks @loader_path/../Frameworks";
				PRODUCT_BUNDLE_IDENTIFIER = "gs.godorojastefan.iCheckboxDemo-OSXTests";
				PRODUCT_NAME = "$(TARGET_NAME)";
				SWIFT_VERSION = 3.0;
				TEST_HOST = "$(BUILT_PRODUCTS_DIR)/iCheckboxDemo-OSX.app/Contents/MacOS/iCheckboxDemo-OSX";
			};
			name = Debug;
		};
		ABB7634A1DA6BA9D00C6D27C /* Release */ = {
			isa = XCBuildConfiguration;
			buildSettings = {
				ALWAYS_EMBED_SWIFT_STANDARD_LIBRARIES = YES;
				BUNDLE_LOADER = "$(TEST_HOST)";
				COMBINE_HIDPI_IMAGES = YES;
				DEVELOPMENT_TEAM = Q453Q9XLFV;
				INFOPLIST_FILE = "iCheckboxDemo-OSXTests/Info.plist";
				LD_RUNPATH_SEARCH_PATHS = "$(inherited) @executable_path/../Frameworks @loader_path/../Frameworks";
				PRODUCT_BUNDLE_IDENTIFIER = "gs.godorojastefan.iCheckboxDemo-OSXTests";
				PRODUCT_NAME = "$(TARGET_NAME)";
				SWIFT_VERSION = 3.0;
				TEST_HOST = "$(BUILT_PRODUCTS_DIR)/iCheckboxDemo-OSX.app/Contents/MacOS/iCheckboxDemo-OSX";
			};
			name = Release;
		};
/* End XCBuildConfiguration section */

/* Begin XCConfigurationList section */
		ABB763261DA6BA9D00C6D27C /* Build configuration list for PBXProject "iCheckboxDemo-OSX" */ = {
			isa = XCConfigurationList;
			buildConfigurations = (
				ABB763431DA6BA9D00C6D27C /* Debug */,
				ABB763441DA6BA9D00C6D27C /* Release */,
			);
			defaultConfigurationIsVisible = 0;
			defaultConfigurationName = Release;
		};
		ABB763451DA6BA9D00C6D27C /* Build configuration list for PBXNativeTarget "iCheckboxDemo-OSX" */ = {
			isa = XCConfigurationList;
			buildConfigurations = (
				ABB763461DA6BA9D00C6D27C /* Debug */,
				ABB763471DA6BA9D00C6D27C /* Release */,
			);
			defaultConfigurationIsVisible = 0;
			defaultConfigurationName = Release;
		};
		ABB763481DA6BA9D00C6D27C /* Build configuration list for PBXNativeTarget "iCheckboxDemo-OSXTests" */ = {
			isa = XCConfigurationList;
			buildConfigurations = (
				ABB763491DA6BA9D00C6D27C /* Debug */,
				ABB7634A1DA6BA9D00C6D27C /* Release */,
			);
			defaultConfigurationIsVisible = 0;
			defaultConfigurationName = Release;
		};
/* End XCConfigurationList section */
	};
	rootObject = ABB763231DA6BA9D00C6D27C /* Project object */;
}
