// !$*UTF8*$!
{
	archiveVersion = 1;
	classes = {
	};
	objectVersion = 46;
	objects = {

/* Begin PBXBuildFile section */
		AB97CB271DA1953400A6A272 /* iCheckbox.swift in Sources */ = {isa = PBXBuildFile; fileRef = AB97CB231DA1953400A6A272 /* iCheckbox.swift */; };
		AB97CB281DA1953400A6A272 /* iCheckboxBuilder.swift in Sources */ = {isa = PBXBuildFile; fileRef = AB97CB241DA1953400A6A272 /* iCheckboxBuilder.swift */; };
		AB97CB291DA1953400A6A272 /* iCheckboxPool.swift in Sources */ = {isa = PBXBuildFile; fileRef = AB97CB251DA1953400A6A272 /* iCheckboxPool.swift */; };
		AB97CB2A1DA1953400A6A272 /* iCheckboxState.swift in Sources */ = {isa = PBXBuildFile; fileRef = AB97CB261DA1953400A6A272 /* iCheckboxState.swift */; };
		AB97CB3D1DA24ACF00A6A272 /* checkbox_checked.png in Resources */ = {isa = PBXBuildFile; fileRef = AB97CB3A1DA24ACF00A6A272 /* checkbox_checked.png */; };
		AB97CB3E1DA24ACF00A6A272 /* checkbox_checked@2x.png in Resources */ = {isa = PBXBuildFile; fileRef = AB97CB3B1DA24ACF00A6A272 /* checkbox_checked@2x.png */; };
		AB97CB3F1DA24ACF00A6A272 /* checkbox_checked@3x.png in Resources */ = {isa = PBXBuildFile; fileRef = AB97CB3C1DA24ACF00A6A272 /* checkbox_checked@3x.png */; };
		AB97CB431DA24AEF00A6A272 /* checkbox_unchecked.png in Resources */ = {isa = PBXBuildFile; fileRef = AB97CB401DA24AEF00A6A272 /* checkbox_unchecked.png */; };
		AB97CB441DA24AEF00A6A272 /* checkbox_unchecked@2x.png in Resources */ = {isa = PBXBuildFile; fileRef = AB97CB411DA24AEF00A6A272 /* checkbox_unchecked@2x.png */; };
		AB97CB451DA24AEF00A6A272 /* checkbox_unchecked@3x.png in Resources */ = {isa = PBXBuildFile; fileRef = AB97CB421DA24AEF00A6A272 /* checkbox_unchecked@3x.png */; };
		AB97CB471DA24B9900A6A272 /* iCheckboxBuilderConfig.swift in Sources */ = {isa = PBXBuildFile; fileRef = AB97CB461DA24B9900A6A272 /* iCheckboxBuilderConfig.swift */; };
		ABCF586619958C3C00347942 /* AppDelegate.swift in Sources */ = {isa = PBXBuildFile; fileRef = ABCF586519958C3C00347942 /* AppDelegate.swift */; };
		ABCF586819958C3C00347942 /* ViewController.swift in Sources */ = {isa = PBXBuildFile; fileRef = ABCF586719958C3C00347942 /* ViewController.swift */; };
		ABCF586B19958C3C00347942 /* Main.storyboard in Resources */ = {isa = PBXBuildFile; fileRef = ABCF586919958C3C00347942 /* Main.storyboard */; };
		ABCF586D19958C3C00347942 /* Images.xcassets in Resources */ = {isa = PBXBuildFile; fileRef = ABCF586C19958C3C00347942 /* Images.xcassets */; };
/* End PBXBuildFile section */

/* Begin PBXFileReference section */
		AB97CB231DA1953400A6A272 /* iCheckbox.swift */ = {isa = PBXFileReference; fileEncoding = 4; lastKnownFileType = sourcecode.swift; name = iCheckbox.swift; path = iCheckbox/iCheckbox.swift; sourceTree = "<group>"; };
		AB97CB241DA1953400A6A272 /* iCheckboxBuilder.swift */ = {isa = PBXFileReference; fileEncoding = 4; lastKnownFileType = sourcecode.swift; name = iCheckboxBuilder.swift; path = iCheckbox/iCheckboxBuilder.swift; sourceTree = "<group>"; };
		AB97CB251DA1953400A6A272 /* iCheckboxPool.swift */ = {isa = PBXFileReference; fileEncoding = 4; lastKnownFileType = sourcecode.swift; name = iCheckboxPool.swift; path = iCheckbox/iCheckboxPool.swift; sourceTree = "<group>"; };
		AB97CB261DA1953400A6A272 /* iCheckboxState.swift */ = {isa = PBXFileReference; fileEncoding = 4; lastKnownFileType = sourcecode.swift; name = iCheckboxState.swift; path = iCheckbox/iCheckboxState.swift; sourceTree = "<group>"; };
		AB97CB3A1DA24ACF00A6A272 /* checkbox_checked.png */ = {isa = PBXFileReference; lastKnownFileType = image.png; path = checkbox_checked.png; sourceTree = "<group>"; };
		AB97CB3B1DA24ACF00A6A272 /* checkbox_checked@2x.png */ = {isa = PBXFileReference; lastKnownFileType = image.png; path = "checkbox_checked@2x.png"; sourceTree = "<group>"; };
		AB97CB3C1DA24ACF00A6A272 /* checkbox_checked@3x.png */ = {isa = PBXFileReference; lastKnownFileType = image.png; path = "checkbox_checked@3x.png"; sourceTree = "<group>"; };
		AB97CB401DA24AEF00A6A272 /* checkbox_unchecked.png */ = {isa = PBXFileReference; lastKnownFileType = image.png; path = checkbox_unchecked.png; sourceTree = "<group>"; };
		AB97CB411DA24AEF00A6A272 /* checkbox_unchecked@2x.png */ = {isa = PBXFileReference; lastKnownFileType = image.png; path = "checkbox_unchecked@2x.png"; sourceTree = "<group>"; };
		AB97CB421DA24AEF00A6A272 /* checkbox_unchecked@3x.png */ = {isa = PBXFileReference; lastKnownFileType = image.png; path = "checkbox_unchecked@3x.png"; sourceTree = "<group>"; };
		AB97CB461DA24B9900A6A272 /* iCheckboxBuilderConfig.swift */ = {isa = PBXFileReference; fileEncoding = 4; lastKnownFileType = sourcecode.swift; name = iCheckboxBuilderConfig.swift; path = iCheckbox/iCheckboxBuilderConfig.swift; sourceTree = "<group>"; };
		ABCF586019958C3C00347942 /* iCheckboxDemo.app */ = {isa = PBXFileReference; explicitFileType = wrapper.application; includeInIndex = 0; path = iCheckboxDemo.app; sourceTree = BUILT_PRODUCTS_DIR; };
		ABCF586419958C3C00347942 /* Info.plist */ = {isa = PBXFileReference; lastKnownFileType = text.plist.xml; path = Info.plist; sourceTree = "<group>"; };
		ABCF586519958C3C00347942 /* AppDelegate.swift */ = {isa = PBXFileReference; lastKnownFileType = sourcecode.swift; path = AppDelegate.swift; sourceTree = "<group>"; };
		ABCF586719958C3C00347942 /* ViewController.swift */ = {isa = PBXFileReference; lastKnownFileType = sourcecode.swift; path = ViewController.swift; sourceTree = "<group>"; };
		ABCF586A19958C3C00347942 /* Base */ = {isa = PBXFileReference; lastKnownFileType = file.storyboard; name = Base; path = Base.lproj/Main.storyboard; sourceTree = "<group>"; };
		ABCF586C19958C3C00347942 /* Images.xcassets */ = {isa = PBXFileReference; lastKnownFileType = folder.assetcatalog; path = Images.xcassets; sourceTree = "<group>"; };
/* End PBXFileReference section */

/* Begin PBXFrameworksBuildPhase section */
		ABCF585D19958C3B00347942 /* Frameworks */ = {
			isa = PBXFrameworksBuildPhase;
			buildActionMask = 2147483647;
			files = (
			);
			runOnlyForDeploymentPostprocessing = 0;
		};
/* End PBXFrameworksBuildPhase section */

/* Begin PBXGroup section */
		AB97CB1E1DA18D1100A6A272 /* iCheckbox */ = {
			isa = PBXGroup;
			children = (
				AB97CB241DA1953400A6A272 /* iCheckboxBuilder.swift */,
				AB97CB461DA24B9900A6A272 /* iCheckboxBuilderConfig.swift */,
				AB97CB251DA1953400A6A272 /* iCheckboxPool.swift */,
				AB97CB231DA1953400A6A272 /* iCheckbox.swift */,
				AB97CB261DA1953400A6A272 /* iCheckboxState.swift */,
				AB97CB2B1DA24A9C00A6A272 /* CheckboxImages */,
			);
			name = iCheckbox;
			sourceTree = "<group>";
		};
		AB97CB2B1DA24A9C00A6A272 /* CheckboxImages */ = {
			isa = PBXGroup;
			children = (
				AB97CB2C1DA24A9C00A6A272 /* Checked */,
				AB97CB301DA24A9C00A6A272 /* Unchecked */,
			);
			name = CheckboxImages;
			path = iCheckbox/CheckboxImages;
			sourceTree = "<group>";
		};
		AB97CB2C1DA24A9C00A6A272 /* Checked */ = {
			isa = PBXGroup;
			children = (
				AB97CB3A1DA24ACF00A6A272 /* checkbox_checked.png */,
				AB97CB3B1DA24ACF00A6A272 /* checkbox_checked@2x.png */,
				AB97CB3C1DA24ACF00A6A272 /* checkbox_checked@3x.png */,
			);
			name = Checked;
			path = checked;
			sourceTree = "<group>";
		};
		AB97CB301DA24A9C00A6A272 /* Unchecked */ = {
			isa = PBXGroup;
			children = (
				AB97CB401DA24AEF00A6A272 /* checkbox_unchecked.png */,
				AB97CB411DA24AEF00A6A272 /* checkbox_unchecked@2x.png */,
				AB97CB421DA24AEF00A6A272 /* checkbox_unchecked@3x.png */,
			);
			name = Unchecked;
			path = unchecked;
			sourceTree = "<group>";
		};
		ABCF585719958C3B00347942 = {
			isa = PBXGroup;
			children = (
				ABCF586219958C3C00347942 /* iCheckboxDemo */,
				ABCF586119958C3C00347942 /* Products */,
			);
			sourceTree = "<group>";
		};
		ABCF586119958C3C00347942 /* Products */ = {
			isa = PBXGroup;
			children = (
				ABCF586019958C3C00347942 /* iCheckboxDemo.app */,
			);
			name = Products;
			sourceTree = "<group>";
		};
		ABCF586219958C3C00347942 /* iCheckboxDemo */ = {
			isa = PBXGroup;
			children = (
				ABCF586519958C3C00347942 /* AppDelegate.swift */,
				ABCF586719958C3C00347942 /* ViewController.swift */,
				AB97CB1E1DA18D1100A6A272 /* iCheckbox */,
				ABCF586919958C3C00347942 /* Main.storyboard */,
				ABCF586C19958C3C00347942 /* Images.xcassets */,
				ABCF586319958C3C00347942 /* Supporting Files */,
			);
			name = iCheckboxDemo;
			path = CheckboxExample;
			sourceTree = "<group>";
		};
		ABCF586319958C3C00347942 /* Supporting Files */ = {
			isa = PBXGroup;
			children = (
				ABCF586419958C3C00347942 /* Info.plist */,
			);
			name = "Supporting Files";
			sourceTree = "<group>";
		};
/* End PBXGroup section */

/* Begin PBXNativeTarget section */
		ABCF585F19958C3B00347942 /* iCheckboxDemo */ = {
			isa = PBXNativeTarget;
			buildConfigurationList = ABCF587C19958C3C00347942 /* Build configuration list for PBXNativeTarget "iCheckboxDemo" */;
			buildPhases = (
				ABCF585C19958C3B00347942 /* Sources */,
				ABCF585D19958C3B00347942 /* Frameworks */,
				ABCF585E19958C3B00347942 /* Resources */,
			);
			buildRules = (
			);
			dependencies = (
			);
			name = iCheckboxDemo;
			productName = CheckboxExample;
			productReference = ABCF586019958C3C00347942 /* iCheckboxDemo.app */;
			productType = "com.apple.product-type.application";
		};
/* End PBXNativeTarget section */

/* Begin PBXProject section */
		ABCF585819958C3B00347942 /* Project object */ = {
			isa = PBXProject;
			attributes = {
				LastSwiftMigration = 0700;
				LastSwiftUpdateCheck = 0700;
				LastUpgradeCheck = 0800;
				ORGANIZATIONNAME = Demo;
				TargetAttributes = {
					ABCF585F19958C3B00347942 = {
						CreatedOnToolsVersion = 6.0;
						LastSwiftMigration = 0800;
					};
				};
			};
			buildConfigurationList = ABCF585B19958C3B00347942 /* Build configuration list for PBXProject "iCheckboxDemo" */;
			compatibilityVersion = "Xcode 3.2";
			developmentRegion = English;
			hasScannedForEncodings = 0;
			knownRegions = (
				en,
				Base,
			);
			mainGroup = ABCF585719958C3B00347942;
			productRefGroup = ABCF586119958C3C00347942 /* Products */;
			projectDirPath = "";
			projectRoot = "";
			targets = (
				ABCF585F19958C3B00347942 /* iCheckboxDemo */,
			);
		};
/* End PBXProject section */

/* Begin PBXResourcesBuildPhase section */
		ABCF585E19958C3B00347942 /* Resources */ = {
			isa = PBXResourcesBuildPhase;
			buildActionMask = 2147483647;
			files = (
				AB97CB3D1DA24ACF00A6A272 /* checkbox_checked.png in Resources */,
				AB97CB451DA24AEF00A6A272 /* checkbox_unchecked@3x.png in Resources */,
				ABCF586B19958C3C00347942 /* Main.storyboard in Resources */,
				AB97CB441DA24AEF00A6A272 /* checkbox_unchecked@2x.png in Resources */,
				AB97CB3E1DA24ACF00A6A272 /* checkbox_checked@2x.png in Resources */,
				AB97CB3F1DA24ACF00A6A272 /* checkbox_checked@3x.png in Resources */,
				AB97CB431DA24AEF00A6A272 /* checkbox_unchecked.png in Resources */,
				ABCF586D19958C3C00347942 /* Images.xcassets in Resources */,
			);
			runOnlyForDeploymentPostprocessing = 0;
		};
/* End PBXResourcesBuildPhase section */

/* Begin PBXSourcesBuildPhase section */
		ABCF585C19958C3B00347942 /* Sources */ = {
			isa = PBXSourcesBuildPhase;
			buildActionMask = 2147483647;
			files = (
				AB97CB281DA1953400A6A272 /* iCheckboxBuilder.swift in Sources */,
				AB97CB471DA24B9900A6A272 /* iCheckboxBuilderConfig.swift in Sources */,
				ABCF586819958C3C00347942 /* ViewController.swift in Sources */,
				ABCF586619958C3C00347942 /* AppDelegate.swift in Sources */,
				AB97CB291DA1953400A6A272 /* iCheckboxPool.swift in Sources */,
				AB97CB2A1DA1953400A6A272 /* iCheckboxState.swift in Sources */,
				AB97CB271DA1953400A6A272 /* iCheckbox.swift in Sources */,
			);
			runOnlyForDeploymentPostprocessing = 0;
		};
/* End PBXSourcesBuildPhase section */

/* Begin PBXVariantGroup section */
		ABCF586919958C3C00347942 /* Main.storyboard */ = {
			isa = PBXVariantGroup;
			children = (
				ABCF586A19958C3C00347942 /* Base */,
			);
			name = Main.storyboard;
			sourceTree = "<group>";
		};
/* End PBXVariantGroup section */

/* Begin XCBuildConfiguration section */
		ABCF587A19958C3C00347942 /* Debug */ = {
			isa = XCBuildConfiguration;
			buildSettings = {
				ALWAYS_SEARCH_USER_PATHS = NO;
				CLANG_CXX_LANGUAGE_STANDARD = "gnu++0x";
				CLANG_CXX_LIBRARY = "libc++";
				CLANG_ENABLE_MODULES = YES;
				CLANG_ENABLE_OBJC_ARC = YES;
				CLANG_WARN_BOOL_CONVERSION = YES;
				CLANG_WARN_CONSTANT_CONVERSION = YES;
				CLANG_WARN_DIRECT_OBJC_ISA_USAGE = YES_ERROR;
				CLANG_WARN_EMPTY_BODY = YES;
				CLANG_WARN_ENUM_CONVERSION = YES;
				CLANG_WARN_INFINITE_RECURSION = YES;
				CLANG_WARN_INT_CONVERSION = YES;
				CLANG_WARN_OBJC_ROOT_CLASS = YES_ERROR;
				CLANG_WARN_SUSPICIOUS_MOVE = YES;
				CLANG_WARN_UNREACHABLE_CODE = YES;
				CLANG_WARN__DUPLICATE_METHOD_MATCH = YES;
				"CODE_SIGN_IDENTITY[sdk=iphoneos*]" = "iPhone Developer";
				COPY_PHASE_STRIP = NO;
				ENABLE_STRICT_OBJC_MSGSEND = YES;
				ENABLE_TESTABILITY = YES;
				GCC_C_LANGUAGE_STANDARD = gnu99;
				GCC_DYNAMIC_NO_PIC = NO;
				GCC_NO_COMMON_BLOCKS = YES;
				GCC_OPTIMIZATION_LEVEL = 0;
				GCC_PREPROCESSOR_DEFINITIONS = (
					"DEBUG=1",
					"$(inherited)",
				);
				GCC_SYMBOLS_PRIVATE_EXTERN = NO;
				GCC_WARN_64_TO_32_BIT_CONVERSION = YES;
				GCC_WARN_ABOUT_RETURN_TYPE = YES_ERROR;
				GCC_WARN_UNDECLARED_SELECTOR = YES;
				GCC_WARN_UNINITIALIZED_AUTOS = YES_AGGRESSIVE;
				GCC_WARN_UNUSED_FUNCTION = YES;
				GCC_WARN_UNUSED_VARIABLE = YES;
				IPHONEOS_DEPLOYMENT_TARGET = 8.0;
				MTL_ENABLE_DEBUG_INFO = YES;
				ONLY_ACTIVE_ARCH = YES;
				SDKROOT = iphoneos;
				SWIFT_OPTIMIZATION_LEVEL = "-Onone";
			};
			name = Debug;
		};
		ABCF587B19958C3C00347942 /* Release */ = {
			isa = XCBuildConfiguration;
			buildSettings = {
				ALWAYS_SEARCH_USER_PATHS = NO;
				CLANG_CXX_LANGUAGE_STANDARD = "gnu++0x";
				CLANG_CXX_LIBRARY = "libc++";
				CLANG_ENABLE_MODULES = YES;
				CLANG_ENABLE_OBJC_ARC = YES;
				CLANG_WARN_BOOL_CONVERSION = YES;
				CLANG_WARN_CONSTANT_CONVERSION = YES;
				CLANG_WARN_DIRECT_OBJC_ISA_USAGE = YES_ERROR;
				CLANG_WARN_EMPTY_BODY = YES;
				CLANG_WARN_ENUM_CONVERSION = YES;
				CLANG_WARN_INFINITE_RECURSION = YES;
				CLANG_WARN_INT_CONVERSION = YES;
				CLANG_WARN_OBJC_ROOT_CLASS = YES_ERROR;
				CLANG_WARN_SUSPICIOUS_MOVE = YES;
				CLANG_WARN_UNREACHABLE_CODE = YES;
				CLANG_WARN__DUPLICATE_METHOD_MATCH = YES;
				"CODE_SIGN_IDENTITY[sdk=iphoneos*]" = "iPhone Developer";
				COPY_PHASE_STRIP = YES;
				ENABLE_NS_ASSERTIONS = NO;
				ENABLE_STRICT_OBJC_MSGSEND = YES;
				GCC_C_LANGUAGE_STANDARD = gnu99;
				GCC_NO_COMMON_BLOCKS = YES;
				GCC_WARN_64_TO_32_BIT_CONVERSION = YES;
				GCC_WARN_ABOUT_RETURN_TYPE = YES_ERROR;
				GCC_WARN_UNDECLARED_SELECTOR = YES;
				GCC_WARN_UNINITIALIZED_AUTOS = YES_AGGRESSIVE;
				GCC_WARN_UNUSED_FUNCTION = YES;
				GCC_WARN_UNUSED_VARIABLE = YES;
				IPHONEOS_DEPLOYMENT_TARGET = 8.0;
				MTL_ENABLE_DEBUG_INFO = NO;
				SDKROOT = iphoneos;
				SWIFT_OPTIMIZATION_LEVEL = "-Owholemodule";
				VALIDATE_PRODUCT = YES;
			};
			name = Release;
		};
		ABCF587D19958C3C00347942 /* Debug */ = {
			isa = XCBuildConfiguration;
			buildSettings = {
				ASSETCATALOG_COMPILER_APPICON_NAME = AppIcon;
				ASSETCATALOG_COMPILER_LAUNCHIMAGE_NAME = LaunchImage;
				INFOPLIST_FILE = CheckboxExample/Info.plist;
				IPHONEOS_DEPLOYMENT_TARGET = 8.0;
				LD_RUNPATH_SEARCH_PATHS = "$(inherited) @executable_path/Frameworks";
				PRODUCT_BUNDLE_IDENTIFIER = "md.gottlieb.$(PRODUCT_NAME:rfc1034identifier)";
				PRODUCT_NAME = iCheckboxDemo;
				SWIFT_VERSION = 3.0;
			};
			name = Debug;
		};
		ABCF587E19958C3C00347942 /* Release */ = {
			isa = XCBuildConfiguration;
			buildSettings = {
				ASSETCATALOG_COMPILER_APPICON_NAME = AppIcon;
				ASSETCATALOG_COMPILER_LAUNCHIMAGE_NAME = LaunchImage;
				INFOPLIST_FILE = CheckboxExample/Info.plist;
				IPHONEOS_DEPLOYMENT_TARGET = 8.0;
				LD_RUNPATH_SEARCH_PATHS = "$(inherited) @executable_path/Frameworks";
				PRODUCT_BUNDLE_IDENTIFIER = "md.gottlieb.$(PRODUCT_NAME:rfc1034identifier)";
				PRODUCT_NAME = iCheckboxDemo;
				SWIFT_VERSION = 3.0;
			};
			name = Release;
		};
/* End XCBuildConfiguration section */

/* Begin XCConfigurationList section */
		ABCF585B19958C3B00347942 /* Build configuration list for PBXProject "iCheckboxDemo" */ = {
			isa = XCConfigurationList;
			buildConfigurations = (
				ABCF587A19958C3C00347942 /* Debug */,
				ABCF587B19958C3C00347942 /* Release */,
			);
			defaultConfigurationIsVisible = 0;
			defaultConfigurationName = Release;
		};
		ABCF587C19958C3C00347942 /* Build configuration list for PBXNativeTarget "iCheckboxDemo" */ = {
			isa = XCConfigurationList;
			buildConfigurations = (
				ABCF587D19958C3C00347942 /* Debug */,
				ABCF587E19958C3C00347942 /* Release */,
			);
			defaultConfigurationIsVisible = 0;
			defaultConfigurationName = Release;
		};
/* End XCConfigurationList section */
	};
	rootObject = ABCF585819958C3B00347942 /* Project object */;
}
